{
  "name": "minui",
  "version": "1.0.8",
  "lockfileVersion": 1,
  "requires": true,
  "dependencies": {
    "@minui/wxc-icon": {
      "version": "1.0.9",
      "resolved": "https://registry.npmjs.org/@minui/wxc-icon/-/wxc-icon-1.0.9.tgz",
      "integrity": "sha512-ebEzCdGtdECW7fbxREHuCeeIJ52FKhjQneZqwvwU13jHs1Ic3tHZ1vcEcgkaexYD2zfhBilcbHiZpe3jbxssMg=="
    }
  }
}
